
Microsoft Visual Studio Solution File, Format Version 12.00
# Visual Studio Version 17
VisualStudioVersion = 17.0.31903.59
MinimumVisualStudioVersion = 10.0.40219.1
Project("{FAE04EC0-301F-11D3-BF4B-00C04F79EFBC}") = "HttpWorker.Api", "src\HttpWorker.Api\HttpWorker.Api.csproj", "{D4E3A593-1B7E-4B9A-8C1F-7E1FB954E001}"
EndProject
Project("{FAE04EC0-301F-11D3-BF4B-00C04F79EFBC}") = "HttpWorker.Core", "src\HttpWorker.Core\HttpWorker.Core.csproj", "{D4E3A593-1B7E-4B9A-8C1F-7E1FB954E002}"
EndProject
Project("{FAE04EC0-301F-11D3-BF4B-00C04F79EFBC}") = "HttpWorker.Services", "src\HttpWorker.Services\HttpWorker.Services.csproj", "{D4E3A593-1B7E-4B9A-8C1F-7E1FB954E003}"
EndProject
Project("{FAE04EC0-301F-11D3-BF4B-00C04F79EFBC}") = "HttpWorker.Worker", "src\HttpWorker.Worker\HttpWorker.Worker.csproj", "{D4E3A593-1B7E-4B9A-8C1F-7E1FB954E004}"
EndProject
Project("{FAE04EC0-301F-11D3-BF4B-00C04F79EFBC}") = "HttpWorker.Tests", "tests\HttpWorker.Tests\HttpWorker.Tests.csproj", "{D4E3A593-1B7E-4B9A-8C1F-7E1FB954E005}"
EndProject
Project("{FAE04EC0-301F-11D3-BF4B-00C04F79EFBC}") = "HttpWorker.Benchmarks", "benchmarks\HttpWorker.Benchmarks.csproj", "{7D7B1AB3-AE99-4E33-8EF4-20DE675D1BA0}"
EndProject
Global
	GlobalSection(SolutionConfigurationPlatforms) = preSolution
		Debug|Any CPU = Debug|Any CPU
		Release|Any CPU = Release|Any CPU
	EndGlobalSection
	GlobalSection(ProjectConfigurationPlatforms) = postSolution
		{D4E3A593-1B7E-4B9A-8C1F-7E1FB954E001}.Debug|Any CPU.ActiveCfg = Debug|Any CPU
		{D4E3A593-1B7E-4B9A-8C1F-7E1FB954E001}.Debug|Any CPU.Build.0 = Debug|Any CPU
		{D4E3A593-1B7E-4B9A-8C1F-7E1FB954E001}.Release|Any CPU.ActiveCfg = Release|Any CPU
		{D4E3A593-1B7E-4B9A-8C1F-7E1FB954E001}.Release|Any CPU.Build.0 = Release|Any CPU
		{D4E3A593-1B7E-4B9A-8C1F-7E1FB954E002}.Debug|Any CPU.ActiveCfg = Debug|Any CPU
		{D4E3A593-1B7E-4B9A-8C1F-7E1FB954E002}.Debug|Any CPU.Build.0 = Debug|Any CPU
		{D4E3A593-1B7E-4B9A-8C1F-7E1FB954E002}.Release|Any CPU.ActiveCfg = Release|Any CPU
		{D4E3A593-1B7E-4B9A-8C1F-7E1FB954E002}.Release|Any CPU.Build.0 = Release|Any CPU
		{D4E3A593-1B7E-4B9A-8C1F-7E1FB954E003}.Debug|Any CPU.ActiveCfg = Debug|Any CPU
		{D4E3A593-1B7E-4B9A-8C1F-7E1FB954E003}.Debug|Any CPU.Build.0 = Debug|Any CPU
		{D4E3A593-1B7E-4B9A-8C1F-7E1FB954E003}.Release|Any CPU.ActiveCfg = Release|Any CPU
		{D4E3A593-1B7E-4B9A-8C1F-7E1FB954E003}.Release|Any CPU.Build.0 = Release|Any CPU
		{D4E3A593-1B7E-4B9A-8C1F-7E1FB954E004}.Debug|Any CPU.ActiveCfg = Debug|Any CPU
		{D4E3A593-1B7E-4B9A-8C1F-7E1FB954E004}.Debug|Any CPU.Build.0 = Debug|Any CPU
		{D4E3A593-1B7E-4B9A-8C1F-7E1FB954E004}.Release|Any CPU.ActiveCfg = Release|Any CPU
		{D4E3A593-1B7E-4B9A-8C1F-7E1FB954E004}.Release|Any CPU.Build.0 = Release|Any CPU
		{D4E3A593-1B7E-4B9A-8C1F-7E1FB954E005}.Debug|Any CPU.ActiveCfg = Debug|Any CPU
		{D4E3A593-1B7E-4B9A-8C1F-7E1FB954E005}.Debug|Any CPU.Build.0 = Debug|Any CPU
		{D4E3A593-1B7E-4B9A-8C1F-7E1FB954E005}.Release|Any CPU.ActiveCfg = Release|Any CPU
		{D4E3A593-1B7E-4B9A-8C1F-7E1FB954E005}.Release|Any CPU.Build.0 = Release|Any CPU
		{7D7B1AB3-AE99-4E33-8EF4-20DE675D1BA0}.Debug|Any CPU.ActiveCfg = Debug|Any CPU
		{7D7B1AB3-AE99-4E33-8EF4-20DE675D1BA0}.Debug|Any CPU.Build.0 = Debug|Any CPU
		{7D7B1AB3-AE99-4E33-8EF4-20DE675D1BA0}.Release|Any CPU.ActiveCfg = Release|Any CPU
		{7D7B1AB3-AE99-4E33-8EF4-20DE675D1BA0}.Release|Any CPU.Build.0 = Release|Any CPU
	EndGlobalSection
	GlobalSection(SolutionProperties) = preSolution
		HideSolutionNode = FALSE
	EndGlobalSection
EndGlobal
