
Microsoft Visual Studio Solution File, Format Version 12.00
# Visual Studio Version 17
Project("{8BC9CEB8-8B4A-11D0-8D11-00A0C91BC942}") = "ALL_BUILD", "ALL_BUILD.vcxproj", "{BA9BA17B-F590-3283-9DD3-129F49CC31E2}"
	ProjectSection(ProjectDependencies) = postProject
		{DC20D747-59A4-34F1-9749-E6CFA259CDCC} = {DC20D747-59A4-34F1-9749-E6CFA259CDCC}
		{541DD2AC-EAD5-3BC5-B963-5902023BE517} = {541DD2AC-EAD5-3BC5-B963-5902023BE517}
		{9F867A4D-43C2-3819-A604-3A65C413666A} = {9F867A4D-43C2-3819-A604-3A65C413666A}
		{74089EFD-4355-34F0-8BF7-663DD27F887C} = {74089EFD-4355-34F0-8BF7-663DD27F887C}
		{9ED636EF-4A00-38D7-9DD4-8DA137C23EC1} = {9ED636EF-4A00-38D7-9DD4-8DA137C23EC1}
		{BA29E542-16AB-3549-8FA3-CDA30D541D0D} = {BA29E542-16AB-3549-8FA3-CDA30D541D0D}
		{44987914-AB9F-31CC-8170-7086A0D15989} = {44987914-AB9F-31CC-8170-7086A0D15989}
		{4BC3170A-5946-3FCF-A229-E2A8D7EC5A21} = {4BC3170A-5946-3FCF-A229-E2A8D7EC5A21}
		{621F9FAD-4A58-3111-B021-3F7E09D544E9} = {621F9FAD-4A58-3111-B021-3F7E09D544E9}
	EndProjectSection
EndProject
Project("{8BC9CEB8-8B4A-11D0-8D11-00A0C91BC942}") = "INSTALL", "INSTALL.vcxproj", "{DA41A045-1424-30EF-B1D1-A8C36AB9F96E}"
	ProjectSection(ProjectDependencies) = postProject
		{BA9BA17B-F590-3283-9DD3-129F49CC31E2} = {BA9BA17B-F590-3283-9DD3-129F49CC31E2}
		{DC20D747-59A4-34F1-9749-E6CFA259CDCC} = {DC20D747-59A4-34F1-9749-E6CFA259CDCC}
	EndProjectSection
EndProject
Project("{8BC9CEB8-8B4A-11D0-8D11-00A0C91BC942}") = "ZERO_CHECK", "ZERO_CHECK.vcxproj", "{DC20D747-59A4-34F1-9749-E6CFA259CDCC}"
	ProjectSection(ProjectDependencies) = postProject
	EndProjectSection
EndProject
Project("{8BC9CEB8-8B4A-11D0-8D11-00A0C91BC942}") = "gmock", "_deps\googletest-build\googlemock\gmock.vcxproj", "{541DD2AC-EAD5-3BC5-B963-5902023BE517}"
	ProjectSection(ProjectDependencies) = postProject
		{DC20D747-59A4-34F1-9749-E6CFA259CDCC} = {DC20D747-59A4-34F1-9749-E6CFA259CDCC}
	EndProjectSection
EndProject
Project("{8BC9CEB8-8B4A-11D0-8D11-00A0C91BC942}") = "gmock_main", "_deps\googletest-build\googlemock\gmock_main.vcxproj", "{9F867A4D-43C2-3819-A604-3A65C413666A}"
	ProjectSection(ProjectDependencies) = postProject
		{DC20D747-59A4-34F1-9749-E6CFA259CDCC} = {DC20D747-59A4-34F1-9749-E6CFA259CDCC}
	EndProjectSection
EndProject
Project("{8BC9CEB8-8B4A-11D0-8D11-00A0C91BC942}") = "gtest", "_deps\googletest-build\googletest\gtest.vcxproj", "{74089EFD-4355-34F0-8BF7-663DD27F887C}"
	ProjectSection(ProjectDependencies) = postProject
		{DC20D747-59A4-34F1-9749-E6CFA259CDCC} = {DC20D747-59A4-34F1-9749-E6CFA259CDCC}
	EndProjectSection
EndProject
Project("{8BC9CEB8-8B4A-11D0-8D11-00A0C91BC942}") = "gtest_main", "_deps\googletest-build\googletest\gtest_main.vcxproj", "{9ED636EF-4A00-38D7-9DD4-8DA137C23EC1}"
	ProjectSection(ProjectDependencies) = postProject
		{DC20D747-59A4-34F1-9749-E6CFA259CDCC} = {DC20D747-59A4-34F1-9749-E6CFA259CDCC}
		{74089EFD-4355-34F0-8BF7-663DD27F887C} = {74089EFD-4355-34F0-8BF7-663DD27F887C}
	EndProjectSection
EndProject
Project("{8BC9CEB8-8B4A-11D0-8D11-00A0C91BC942}") = "test_passagesim", "test_passagesim.vcxproj", "{BA29E542-16AB-3549-8FA3-CDA30D541D0D}"
	ProjectSection(ProjectDependencies) = postProject
		{DC20D747-59A4-34F1-9749-E6CFA259CDCC} = {DC20D747-59A4-34F1-9749-E6CFA259CDCC}
		{74089EFD-4355-34F0-8BF7-663DD27F887C} = {74089EFD-4355-34F0-8BF7-663DD27F887C}
		{9ED636EF-4A00-38D7-9DD4-8DA137C23EC1} = {9ED636EF-4A00-38D7-9DD4-8DA137C23EC1}
	EndProjectSection
EndProject
Project("{8BC9CEB8-8B4A-11D0-8D11-00A0C91BC942}") = "test_quantemb", "test_quantemb.vcxproj", "{44987914-AB9F-31CC-8170-7086A0D15989}"
	ProjectSection(ProjectDependencies) = postProject
		{DC20D747-59A4-34F1-9749-E6CFA259CDCC} = {DC20D747-59A4-34F1-9749-E6CFA259CDCC}
		{74089EFD-4355-34F0-8BF7-663DD27F887C} = {74089EFD-4355-34F0-8BF7-663DD27F887C}
		{9ED636EF-4A00-38D7-9DD4-8DA137C23EC1} = {9ED636EF-4A00-38D7-9DD4-8DA137C23EC1}
	EndProjectSection
EndProject
Project("{8BC9CEB8-8B4A-11D0-8D11-00A0C91BC942}") = "test_scoring", "test_scoring.vcxproj", "{4BC3170A-5946-3FCF-A229-E2A8D7EC5A21}"
	ProjectSection(ProjectDependencies) = postProject
		{DC20D747-59A4-34F1-9749-E6CFA259CDCC} = {DC20D747-59A4-34F1-9749-E6CFA259CDCC}
		{74089EFD-4355-34F0-8BF7-663DD27F887C} = {74089EFD-4355-34F0-8BF7-663DD27F887C}
		{9ED636EF-4A00-38D7-9DD4-8DA137C23EC1} = {9ED636EF-4A00-38D7-9DD4-8DA137C23EC1}
	EndProjectSection
EndProject
Project("{8BC9CEB8-8B4A-11D0-8D11-00A0C91BC942}") = "test_simsearch", "test_simsearch.vcxproj", "{621F9FAD-4A58-3111-B021-3F7E09D544E9}"
	ProjectSection(ProjectDependencies) = postProject
		{DC20D747-59A4-34F1-9749-E6CFA259CDCC} = {DC20D747-59A4-34F1-9749-E6CFA259CDCC}
		{74089EFD-4355-34F0-8BF7-663DD27F887C} = {74089EFD-4355-34F0-8BF7-663DD27F887C}
		{9ED636EF-4A00-38D7-9DD4-8DA137C23EC1} = {9ED636EF-4A00-38D7-9DD4-8DA137C23EC1}
	EndProjectSection
EndProject
Global
	GlobalSection(SolutionConfigurationPlatforms) = preSolution
		Debug|x64 = Debug|x64
		Release|x64 = Release|x64
		MinSizeRel|x64 = MinSizeRel|x64
		RelWithDebInfo|x64 = RelWithDebInfo|x64
	EndGlobalSection
	GlobalSection(ProjectConfigurationPlatforms) = postSolution
		{BA9BA17B-F590-3283-9DD3-129F49CC31E2}.Debug|x64.ActiveCfg = Debug|x64
		{BA9BA17B-F590-3283-9DD3-129F49CC31E2}.Debug|x64.Build.0 = Debug|x64
		{BA9BA17B-F590-3283-9DD3-129F49CC31E2}.Release|x64.ActiveCfg = Release|x64
		{BA9BA17B-F590-3283-9DD3-129F49CC31E2}.Release|x64.Build.0 = Release|x64
		{BA9BA17B-F590-3283-9DD3-129F49CC31E2}.MinSizeRel|x64.ActiveCfg = MinSizeRel|x64
		{BA9BA17B-F590-3283-9DD3-129F49CC31E2}.MinSizeRel|x64.Build.0 = MinSizeRel|x64
		{BA9BA17B-F590-3283-9DD3-129F49CC31E2}.RelWithDebInfo|x64.ActiveCfg = RelWithDebInfo|x64
		{BA9BA17B-F590-3283-9DD3-129F49CC31E2}.RelWithDebInfo|x64.Build.0 = RelWithDebInfo|x64
		{DA41A045-1424-30EF-B1D1-A8C36AB9F96E}.Debug|x64.ActiveCfg = Debug|x64
		{DA41A045-1424-30EF-B1D1-A8C36AB9F96E}.Release|x64.ActiveCfg = Release|x64
		{DA41A045-1424-30EF-B1D1-A8C36AB9F96E}.MinSizeRel|x64.ActiveCfg = MinSizeRel|x64
		{DA41A045-1424-30EF-B1D1-A8C36AB9F96E}.RelWithDebInfo|x64.ActiveCfg = RelWithDebInfo|x64
		{DC20D747-59A4-34F1-9749-E6CFA259CDCC}.Debug|x64.ActiveCfg = Debug|x64
		{DC20D747-59A4-34F1-9749-E6CFA259CDCC}.Debug|x64.Build.0 = Debug|x64
		{DC20D747-59A4-34F1-9749-E6CFA259CDCC}.Release|x64.ActiveCfg = Release|x64
		{DC20D747-59A4-34F1-9749-E6CFA259CDCC}.Release|x64.Build.0 = Release|x64
		{DC20D747-59A4-34F1-9749-E6CFA259CDCC}.MinSizeRel|x64.ActiveCfg = MinSizeRel|x64
		{DC20D747-59A4-34F1-9749-E6CFA259CDCC}.MinSizeRel|x64.Build.0 = MinSizeRel|x64
		{DC20D747-59A4-34F1-9749-E6CFA259CDCC}.RelWithDebInfo|x64.ActiveCfg = RelWithDebInfo|x64
		{DC20D747-59A4-34F1-9749-E6CFA259CDCC}.RelWithDebInfo|x64.Build.0 = RelWithDebInfo|x64
		{541DD2AC-EAD5-3BC5-B963-5902023BE517}.Debug|x64.ActiveCfg = Debug|x64
		{541DD2AC-EAD5-3BC5-B963-5902023BE517}.Debug|x64.Build.0 = Debug|x64
		{541DD2AC-EAD5-3BC5-B963-5902023BE517}.Release|x64.ActiveCfg = Release|x64
		{541DD2AC-EAD5-3BC5-B963-5902023BE517}.Release|x64.Build.0 = Release|x64
		{541DD2AC-EAD5-3BC5-B963-5902023BE517}.MinSizeRel|x64.ActiveCfg = MinSizeRel|x64
		{541DD2AC-EAD5-3BC5-B963-5902023BE517}.MinSizeRel|x64.Build.0 = MinSizeRel|x64
		{541DD2AC-EAD5-3BC5-B963-5902023BE517}.RelWithDebInfo|x64.ActiveCfg = RelWithDebInfo|x64
		{541DD2AC-EAD5-3BC5-B963-5902023BE517}.RelWithDebInfo|x64.Build.0 = RelWithDebInfo|x64
		{9F867A4D-43C2-3819-A604-3A65C413666A}.Debug|x64.ActiveCfg = Debug|x64
		{9F867A4D-43C2-3819-A604-3A65C413666A}.Debug|x64.Build.0 = Debug|x64
		{9F867A4D-43C2-3819-A604-3A65C413666A}.Release|x64.ActiveCfg = Release|x64
		{9F867A4D-43C2-3819-A604-3A65C413666A}.Release|x64.Build.0 = Release|x64
		{9F867A4D-43C2-3819-A604-3A65C413666A}.MinSizeRel|x64.ActiveCfg = MinSizeRel|x64
		{9F867A4D-43C2-3819-A604-3A65C413666A}.MinSizeRel|x64.Build.0 = MinSizeRel|x64
		{9F867A4D-43C2-3819-A604-3A65C413666A}.RelWithDebInfo|x64.ActiveCfg = RelWithDebInfo|x64
		{9F867A4D-43C2-3819-A604-3A65C413666A}.RelWithDebInfo|x64.Build.0 = RelWithDebInfo|x64
		{74089EFD-4355-34F0-8BF7-663DD27F887C}.Debug|x64.ActiveCfg = Debug|x64
		{74089EFD-4355-34F0-8BF7-663DD27F887C}.Debug|x64.Build.0 = Debug|x64
		{74089EFD-4355-34F0-8BF7-663DD27F887C}.Release|x64.ActiveCfg = Release|x64
		{74089EFD-4355-34F0-8BF7-663DD27F887C}.Release|x64.Build.0 = Release|x64
		{74089EFD-4355-34F0-8BF7-663DD27F887C}.MinSizeRel|x64.ActiveCfg = MinSizeRel|x64
		{74089EFD-4355-34F0-8BF7-663DD27F887C}.MinSizeRel|x64.Build.0 = MinSizeRel|x64
		{74089EFD-4355-34F0-8BF7-663DD27F887C}.RelWithDebInfo|x64.ActiveCfg = RelWithDebInfo|x64
		{74089EFD-4355-34F0-8BF7-663DD27F887C}.RelWithDebInfo|x64.Build.0 = RelWithDebInfo|x64
		{9ED636EF-4A00-38D7-9DD4-8DA137C23EC1}.Debug|x64.ActiveCfg = Debug|x64
		{9ED636EF-4A00-38D7-9DD4-8DA137C23EC1}.Debug|x64.Build.0 = Debug|x64
		{9ED636EF-4A00-38D7-9DD4-8DA137C23EC1}.Release|x64.ActiveCfg = Release|x64
		{9ED636EF-4A00-38D7-9DD4-8DA137C23EC1}.Release|x64.Build.0 = Release|x64
		{9ED636EF-4A00-38D7-9DD4-8DA137C23EC1}.MinSizeRel|x64.ActiveCfg = MinSizeRel|x64
		{9ED636EF-4A00-38D7-9DD4-8DA137C23EC1}.MinSizeRel|x64.Build.0 = MinSizeRel|x64
		{9ED636EF-4A00-38D7-9DD4-8DA137C23EC1}.RelWithDebInfo|x64.ActiveCfg = RelWithDebInfo|x64
		{9ED636EF-4A00-38D7-9DD4-8DA137C23EC1}.RelWithDebInfo|x64.Build.0 = RelWithDebInfo|x64
		{BA29E542-16AB-3549-8FA3-CDA30D541D0D}.Debug|x64.ActiveCfg = Debug|x64
		{BA29E542-16AB-3549-8FA3-CDA30D541D0D}.Debug|x64.Build.0 = Debug|x64
		{BA29E542-16AB-3549-8FA3-CDA30D541D0D}.Release|x64.ActiveCfg = Release|x64
		{BA29E542-16AB-3549-8FA3-CDA30D541D0D}.Release|x64.Build.0 = Release|x64
		{BA29E542-16AB-3549-8FA3-CDA30D541D0D}.MinSizeRel|x64.ActiveCfg = MinSizeRel|x64
		{BA29E542-16AB-3549-8FA3-CDA30D541D0D}.MinSizeRel|x64.Build.0 = MinSizeRel|x64
		{BA29E542-16AB-3549-8FA3-CDA30D541D0D}.RelWithDebInfo|x64.ActiveCfg = RelWithDebInfo|x64
		{BA29E542-16AB-3549-8FA3-CDA30D541D0D}.RelWithDebInfo|x64.Build.0 = RelWithDebInfo|x64
		{44987914-AB9F-31CC-8170-7086A0D15989}.Debug|x64.ActiveCfg = Debug|x64
		{44987914-AB9F-31CC-8170-7086A0D15989}.Debug|x64.Build.0 = Debug|x64
		{44987914-AB9F-31CC-8170-7086A0D15989}.Release|x64.ActiveCfg = Release|x64
		{44987914-AB9F-31CC-8170-7086A0D15989}.Release|x64.Build.0 = Release|x64
		{44987914-AB9F-31CC-8170-7086A0D15989}.MinSizeRel|x64.ActiveCfg = MinSizeRel|x64
		{44987914-AB9F-31CC-8170-7086A0D15989}.MinSizeRel|x64.Build.0 = MinSizeRel|x64
		{44987914-AB9F-31CC-8170-7086A0D15989}.RelWithDebInfo|x64.ActiveCfg = RelWithDebInfo|x64
		{44987914-AB9F-31CC-8170-7086A0D15989}.RelWithDebInfo|x64.Build.0 = RelWithDebInfo|x64
		{4BC3170A-5946-3FCF-A229-E2A8D7EC5A21}.Debug|x64.ActiveCfg = Debug|x64
		{4BC3170A-5946-3FCF-A229-E2A8D7EC5A21}.Debug|x64.Build.0 = Debug|x64
		{4BC3170A-5946-3FCF-A229-E2A8D7EC5A21}.Release|x64.ActiveCfg = Release|x64
		{4BC3170A-5946-3FCF-A229-E2A8D7EC5A21}.Release|x64.Build.0 = Release|x64
		{4BC3170A-5946-3FCF-A229-E2A8D7EC5A21}.MinSizeRel|x64.ActiveCfg = MinSizeRel|x64
		{4BC3170A-5946-3FCF-A229-E2A8D7EC5A21}.MinSizeRel|x64.Build.0 = MinSizeRel|x64
		{4BC3170A-5946-3FCF-A229-E2A8D7EC5A21}.RelWithDebInfo|x64.ActiveCfg = RelWithDebInfo|x64
		{4BC3170A-5946-3FCF-A229-E2A8D7EC5A21}.RelWithDebInfo|x64.Build.0 = RelWithDebInfo|x64
		{621F9FAD-4A58-3111-B021-3F7E09D544E9}.Debug|x64.ActiveCfg = Debug|x64
		{621F9FAD-4A58-3111-B021-3F7E09D544E9}.Debug|x64.Build.0 = Debug|x64
		{621F9FAD-4A58-3111-B021-3F7E09D544E9}.Release|x64.ActiveCfg = Release|x64
		{621F9FAD-4A58-3111-B021-3F7E09D544E9}.Release|x64.Build.0 = Release|x64
		{621F9FAD-4A58-3111-B021-3F7E09D544E9}.MinSizeRel|x64.ActiveCfg = MinSizeRel|x64
		{621F9FAD-4A58-3111-B021-3F7E09D544E9}.MinSizeRel|x64.Build.0 = MinSizeRel|x64
		{621F9FAD-4A58-3111-B021-3F7E09D544E9}.RelWithDebInfo|x64.ActiveCfg = RelWithDebInfo|x64
		{621F9FAD-4A58-3111-B021-3F7E09D544E9}.RelWithDebInfo|x64.Build.0 = RelWithDebInfo|x64
	EndGlobalSection
	GlobalSection(ExtensibilityGlobals) = postSolution
		SolutionGuid = {86B7F060-68B9-38D2-BB01-B67390CB694F}
	EndGlobalSection
	GlobalSection(ExtensibilityAddIns) = postSolution
	EndGlobalSection
EndGlobal
